
Microsoft Visual Studio Solution File, Format Version 12.00
# Visual Studio Version 17
VisualStudioVersion = 17.4.33122.133
MinimumVisualStudioVersion = 10.0.40219.1
Project("{9A19103F-16F7-4668-BE54-9A1E7A4F7556}") = "CD.STORE.Api", "CD.STORE.Api\CD.STORE.Api.csproj", "{D5A3DC62-A2B6-4151-99A5-4A9BEF1BE10C}"
EndProject
Project("{2150E333-8FDC-42A3-9474-1A3956D46DE8}") = "1. Services", "1. Services", "{838F7DA0-0019-4560-85CC-7158E53484FC}"
EndProject
Project("{2150E333-8FDC-42A3-9474-1A3956D46DE8}") = "2. Application", "2. Application", "{54779094-230A-48B0-94B2-C312C5F70837}"
EndProject
Project("{2150E333-8FDC-42A3-9474-1A3956D46DE8}") = "3. Domain", "3. Domain", "{F910532E-9E1C-4E0D-84C4-36252D064B9F}"
EndProject
Project("{2150E333-8FDC-42A3-9474-1A3956D46DE8}") = "4. Infrastructure", "4. Infrastructure", "{8359DD7E-93FC-4EAD-B4D3-412EC424AEE4}"
EndProject
Project("{2150E333-8FDC-42A3-9474-1A3956D46DE8}") = "5. Cruss-Cruting", "5. Cruss-Cruting", "{AA96CD06-2A6B-4C24-93D4-D10311468731}"
EndProject
Project("{9A19103F-16F7-4668-BE54-9A1E7A4F7556}") = "CD.STORE.ApplicationService", "CD.STORE.ApplicationService\CD.STORE.ApplicationService.csproj", "{738771E3-19D7-41C7-B900-D0D16B298EA9}"
EndProject
Project("{9A19103F-16F7-4668-BE54-9A1E7A4F7556}") = "CD.STORE.IApplicationService", "CD.STORE.IApplicationService\CD.STORE.IApplicationService.csproj", "{33BE7F6F-6EF2-457E-AF8A-EE11227C670B}"
EndProject
Project("{9A19103F-16F7-4668-BE54-9A1E7A4F7556}") = "CD.STORE.Entities", "CD.STORE.Entities\CD.STORE.Entities.csproj", "{B945C36F-5C34-4556-B322-C5378775EC68}"
EndProject
Project("{9A19103F-16F7-4668-BE54-9A1E7A4F7556}") = "CD.STORE.IRepositories", "CD.STORE.IRepositories\CD.STORE.IRepositories.csproj", "{F9432F05-24F7-470B-A65C-046F793979DE}"
EndProject
Project("{9A19103F-16F7-4668-BE54-9A1E7A4F7556}") = "CD.STORE.Context", "CD.STORE.Context\CD.STORE.Context.csproj", "{85C0750B-47D1-4034-966A-419E15CD1101}"
EndProject
Project("{9A19103F-16F7-4668-BE54-9A1E7A4F7556}") = "CD.STORE.Repositories", "CD.STORE.Repositories\CD.STORE.Repositories.csproj", "{E985606D-B158-41D9-8723-5C9027C151F8}"
EndProject
Project("{9A19103F-16F7-4668-BE54-9A1E7A4F7556}") = "CD.STORE.Security", "CD.STORE.Security\CD.STORE.Security.csproj", "{5D0A6024-CF2A-4351-8370-C00A78B6EFF7}"
EndProject
Project("{9A19103F-16F7-4668-BE54-9A1E7A4F7556}") = "CD.STORE.Utility", "CD.STORE.Utility\CD.STORE.Utility.csproj", "{41A5256A-7E5C-4A39-9D61-81A01A6AA0DE}"
EndProject
Global
	GlobalSection(SolutionConfigurationPlatforms) = preSolution
		Debug|Any CPU = Debug|Any CPU
		Release|Any CPU = Release|Any CPU
	EndGlobalSection
	GlobalSection(ProjectConfigurationPlatforms) = postSolution
		{D5A3DC62-A2B6-4151-99A5-4A9BEF1BE10C}.Debug|Any CPU.ActiveCfg = Debug|Any CPU
		{D5A3DC62-A2B6-4151-99A5-4A9BEF1BE10C}.Debug|Any CPU.Build.0 = Debug|Any CPU
		{D5A3DC62-A2B6-4151-99A5-4A9BEF1BE10C}.Release|Any CPU.ActiveCfg = Release|Any CPU
		{D5A3DC62-A2B6-4151-99A5-4A9BEF1BE10C}.Release|Any CPU.Build.0 = Release|Any CPU
		{738771E3-19D7-41C7-B900-D0D16B298EA9}.Debug|Any CPU.ActiveCfg = Debug|Any CPU
		{738771E3-19D7-41C7-B900-D0D16B298EA9}.Debug|Any CPU.Build.0 = Debug|Any CPU
		{738771E3-19D7-41C7-B900-D0D16B298EA9}.Release|Any CPU.ActiveCfg = Release|Any CPU
		{738771E3-19D7-41C7-B900-D0D16B298EA9}.Release|Any CPU.Build.0 = Release|Any CPU
		{33BE7F6F-6EF2-457E-AF8A-EE11227C670B}.Debug|Any CPU.ActiveCfg = Debug|Any CPU
		{33BE7F6F-6EF2-457E-AF8A-EE11227C670B}.Debug|Any CPU.Build.0 = Debug|Any CPU
		{33BE7F6F-6EF2-457E-AF8A-EE11227C670B}.Release|Any CPU.ActiveCfg = Release|Any CPU
		{33BE7F6F-6EF2-457E-AF8A-EE11227C670B}.Release|Any CPU.Build.0 = Release|Any CPU
		{B945C36F-5C34-4556-B322-C5378775EC68}.Debug|Any CPU.ActiveCfg = Debug|Any CPU
		{B945C36F-5C34-4556-B322-C5378775EC68}.Debug|Any CPU.Build.0 = Debug|Any CPU
		{B945C36F-5C34-4556-B322-C5378775EC68}.Release|Any CPU.ActiveCfg = Release|Any CPU
		{B945C36F-5C34-4556-B322-C5378775EC68}.Release|Any CPU.Build.0 = Release|Any CPU
		{F9432F05-24F7-470B-A65C-046F793979DE}.Debug|Any CPU.ActiveCfg = Debug|Any CPU
		{F9432F05-24F7-470B-A65C-046F793979DE}.Debug|Any CPU.Build.0 = Debug|Any CPU
		{F9432F05-24F7-470B-A65C-046F793979DE}.Release|Any CPU.ActiveCfg = Release|Any CPU
		{F9432F05-24F7-470B-A65C-046F793979DE}.Release|Any CPU.Build.0 = Release|Any CPU
		{85C0750B-47D1-4034-966A-419E15CD1101}.Debug|Any CPU.ActiveCfg = Debug|Any CPU
		{85C0750B-47D1-4034-966A-419E15CD1101}.Debug|Any CPU.Build.0 = Debug|Any CPU
		{85C0750B-47D1-4034-966A-419E15CD1101}.Release|Any CPU.ActiveCfg = Release|Any CPU
		{85C0750B-47D1-4034-966A-419E15CD1101}.Release|Any CPU.Build.0 = Release|Any CPU
		{E985606D-B158-41D9-8723-5C9027C151F8}.Debug|Any CPU.ActiveCfg = Debug|Any CPU
		{E985606D-B158-41D9-8723-5C9027C151F8}.Debug|Any CPU.Build.0 = Debug|Any CPU
		{E985606D-B158-41D9-8723-5C9027C151F8}.Release|Any CPU.ActiveCfg = Release|Any CPU
		{E985606D-B158-41D9-8723-5C9027C151F8}.Release|Any CPU.Build.0 = Release|Any CPU
		{5D0A6024-CF2A-4351-8370-C00A78B6EFF7}.Debug|Any CPU.ActiveCfg = Debug|Any CPU
		{5D0A6024-CF2A-4351-8370-C00A78B6EFF7}.Debug|Any CPU.Build.0 = Debug|Any CPU
		{5D0A6024-CF2A-4351-8370-C00A78B6EFF7}.Release|Any CPU.ActiveCfg = Release|Any CPU
		{5D0A6024-CF2A-4351-8370-C00A78B6EFF7}.Release|Any CPU.Build.0 = Release|Any CPU
		{41A5256A-7E5C-4A39-9D61-81A01A6AA0DE}.Debug|Any CPU.ActiveCfg = Debug|Any CPU
		{41A5256A-7E5C-4A39-9D61-81A01A6AA0DE}.Debug|Any CPU.Build.0 = Debug|Any CPU
		{41A5256A-7E5C-4A39-9D61-81A01A6AA0DE}.Release|Any CPU.ActiveCfg = Release|Any CPU
		{41A5256A-7E5C-4A39-9D61-81A01A6AA0DE}.Release|Any CPU.Build.0 = Release|Any CPU
	EndGlobalSection
	GlobalSection(SolutionProperties) = preSolution
		HideSolutionNode = FALSE
	EndGlobalSection
	GlobalSection(NestedProjects) = preSolution
		{D5A3DC62-A2B6-4151-99A5-4A9BEF1BE10C} = {838F7DA0-0019-4560-85CC-7158E53484FC}
		{738771E3-19D7-41C7-B900-D0D16B298EA9} = {54779094-230A-48B0-94B2-C312C5F70837}
		{33BE7F6F-6EF2-457E-AF8A-EE11227C670B} = {54779094-230A-48B0-94B2-C312C5F70837}
		{B945C36F-5C34-4556-B322-C5378775EC68} = {F910532E-9E1C-4E0D-84C4-36252D064B9F}
		{F9432F05-24F7-470B-A65C-046F793979DE} = {F910532E-9E1C-4E0D-84C4-36252D064B9F}
		{85C0750B-47D1-4034-966A-419E15CD1101} = {8359DD7E-93FC-4EAD-B4D3-412EC424AEE4}
		{E985606D-B158-41D9-8723-5C9027C151F8} = {8359DD7E-93FC-4EAD-B4D3-412EC424AEE4}
		{5D0A6024-CF2A-4351-8370-C00A78B6EFF7} = {AA96CD06-2A6B-4C24-93D4-D10311468731}
		{41A5256A-7E5C-4A39-9D61-81A01A6AA0DE} = {AA96CD06-2A6B-4C24-93D4-D10311468731}
	EndGlobalSection
	GlobalSection(ExtensibilityGlobals) = postSolution
		SolutionGuid = {7DEB96BA-8655-458D-A2ED-E79D3E766979}
	EndGlobalSection
EndGlobal
